
Microsoft Visual Studio Solution File, Format Version 12.00
# Visual Studio Version 17
VisualStudioVersion = 17.4.33213.308
MinimumVisualStudioVersion = 10.0.40219.1
Project("{FAE04EC0-301F-11D3-BF4B-00C04F79EFBC}") = "black flag", "black flag\black flag.csproj", "{C887A6A7-FC51-4BD9-8980-F4E22714713C}"
EndProject
Global
	GlobalSection(SolutionConfigurationPlatforms) = preSolution
		Debug|Any CPU = Debug|Any CPU
		Release|Any CPU = Release|Any CPU
	EndGlobalSection
	GlobalSection(ProjectConfigurationPlatforms) = postSolution
		{C887A6A7-FC51-4BD9-8980-F4E22714713C}.Debug|Any CPU.ActiveCfg = Debug|Any CPU
		{C887A6A7-FC51-4BD9-8980-F4E22714713C}.Debug|Any CPU.Build.0 = Debug|Any CPU
		{C887A6A7-FC51-4BD9-8980-F4E22714713C}.Release|Any CPU.ActiveCfg = Release|Any CPU
		{C887A6A7-FC51-4BD9-8980-F4E22714713C}.Release|Any CPU.Build.0 = Release|Any CPU
	EndGlobalSection
	GlobalSection(SolutionProperties) = preSolution
		HideSolutionNode = FALSE
	EndGlobalSection
	GlobalSection(ExtensibilityGlobals) = postSolution
		SolutionGuid = {F51B169F-5EF8-4F14-8AFF-6501F959ECE3}
	EndGlobalSection
EndGlobal
