
Microsoft Visual Studio Solution File, Format Version 12.00
# Visual Studio Version 17
VisualStudioVersion = 17.4.33213.308
MinimumVisualStudioVersion = 10.0.40219.1
Project("{FAE04EC0-301F-11D3-BF4B-00C04F79EFBC}") = "Characters range", "Characters range\Characters range.csproj", "{6EFCF8C2-01A5-4372-B3FD-D22508B7ECDA}"
EndProject
Global
	GlobalSection(SolutionConfigurationPlatforms) = preSolution
		Debug|Any CPU = Debug|Any CPU
		Release|Any CPU = Release|Any CPU
	EndGlobalSection
	GlobalSection(ProjectConfigurationPlatforms) = postSolution
		{6EFCF8C2-01A5-4372-B3FD-D22508B7ECDA}.Debug|Any CPU.ActiveCfg = Debug|Any CPU
		{6EFCF8C2-01A5-4372-B3FD-D22508B7ECDA}.Debug|Any CPU.Build.0 = Debug|Any CPU
		{6EFCF8C2-01A5-4372-B3FD-D22508B7ECDA}.Release|Any CPU.ActiveCfg = Release|Any CPU
		{6EFCF8C2-01A5-4372-B3FD-D22508B7ECDA}.Release|Any CPU.Build.0 = Release|Any CPU
	EndGlobalSection
	GlobalSection(SolutionProperties) = preSolution
		HideSolutionNode = FALSE
	EndGlobalSection
	GlobalSection(ExtensibilityGlobals) = postSolution
		SolutionGuid = {BC458FEA-72DC-4D53-990B-C90B2E651DEC}
	EndGlobalSection
EndGlobal
