
Microsoft Visual Studio Solution File, Format Version 12.00
# Visual Studio Version 17
VisualStudioVersion = 17.4.33213.308
MinimumVisualStudioVersion = 10.0.40219.1
Project("{FAE04EC0-301F-11D3-BF4B-00C04F79EFBC}") = "largest 3 numbers", "largest 3 numbers\largest 3 numbers.csproj", "{59EF566A-5E46-4D89-86D0-2A920F0C8307}"
EndProject
Global
	GlobalSection(SolutionConfigurationPlatforms) = preSolution
		Debug|Any CPU = Debug|Any CPU
		Release|Any CPU = Release|Any CPU
	EndGlobalSection
	GlobalSection(ProjectConfigurationPlatforms) = postSolution
		{59EF566A-5E46-4D89-86D0-2A920F0C8307}.Debug|Any CPU.ActiveCfg = Debug|Any CPU
		{59EF566A-5E46-4D89-86D0-2A920F0C8307}.Debug|Any CPU.Build.0 = Debug|Any CPU
		{59EF566A-5E46-4D89-86D0-2A920F0C8307}.Release|Any CPU.ActiveCfg = Release|Any CPU
		{59EF566A-5E46-4D89-86D0-2A920F0C8307}.Release|Any CPU.Build.0 = Release|Any CPU
	EndGlobalSection
	GlobalSection(SolutionProperties) = preSolution
		HideSolutionNode = FALSE
	EndGlobalSection
	GlobalSection(ExtensibilityGlobals) = postSolution
		SolutionGuid = {68A41C4D-76DC-4D15-84F6-DD1095412569}
	EndGlobalSection
EndGlobal
