
Microsoft Visual Studio Solution File, Format Version 12.00
# Visual Studio Version 17
VisualStudioVersion = 17.4.33213.308
MinimumVisualStudioVersion = 10.0.40219.1
Project("{FAE04EC0-301F-11D3-BF4B-00C04F79EFBC}") = "car race", "car race\car race.csproj", "{570B99D0-B460-447A-B8BF-8ACED2EC9144}"
EndProject
Global
	GlobalSection(SolutionConfigurationPlatforms) = preSolution
		Debug|Any CPU = Debug|Any CPU
		Release|Any CPU = Release|Any CPU
	EndGlobalSection
	GlobalSection(ProjectConfigurationPlatforms) = postSolution
		{570B99D0-B460-447A-B8BF-8ACED2EC9144}.Debug|Any CPU.ActiveCfg = Debug|Any CPU
		{570B99D0-B460-447A-B8BF-8ACED2EC9144}.Debug|Any CPU.Build.0 = Debug|Any CPU
		{570B99D0-B460-447A-B8BF-8ACED2EC9144}.Release|Any CPU.ActiveCfg = Release|Any CPU
		{570B99D0-B460-447A-B8BF-8ACED2EC9144}.Release|Any CPU.Build.0 = Release|Any CPU
	EndGlobalSection
	GlobalSection(SolutionProperties) = preSolution
		HideSolutionNode = FALSE
	EndGlobalSection
	GlobalSection(ExtensibilityGlobals) = postSolution
		SolutionGuid = {A978ADE0-B577-4DB4-B1BA-1A7D41EABF36}
	EndGlobalSection
EndGlobal
