
Microsoft Visual Studio Solution File, Format Version 12.00
# Visual Studio Version 17
VisualStudioVersion = 17.4.33213.308
MinimumVisualStudioVersion = 10.0.40219.1
Project("{FAE04EC0-301F-11D3-BF4B-00C04F79EFBC}") = "calculate rectangle area", "calculate rectangle area\calculate rectangle area.csproj", "{A8E97B5F-9B94-4763-B2DB-5880FC92A7EE}"
EndProject
Global
	GlobalSection(SolutionConfigurationPlatforms) = preSolution
		Debug|Any CPU = Debug|Any CPU
		Release|Any CPU = Release|Any CPU
	EndGlobalSection
	GlobalSection(ProjectConfigurationPlatforms) = postSolution
		{A8E97B5F-9B94-4763-B2DB-5880FC92A7EE}.Debug|Any CPU.ActiveCfg = Debug|Any CPU
		{A8E97B5F-9B94-4763-B2DB-5880FC92A7EE}.Debug|Any CPU.Build.0 = Debug|Any CPU
		{A8E97B5F-9B94-4763-B2DB-5880FC92A7EE}.Release|Any CPU.ActiveCfg = Release|Any CPU
		{A8E97B5F-9B94-4763-B2DB-5880FC92A7EE}.Release|Any CPU.Build.0 = Release|Any CPU
	EndGlobalSection
	GlobalSection(SolutionProperties) = preSolution
		HideSolutionNode = FALSE
	EndGlobalSection
	GlobalSection(ExtensibilityGlobals) = postSolution
		SolutionGuid = {26F48F85-00D0-4E8B-8D44-B1236ED4287F}
	EndGlobalSection
EndGlobal
