
Microsoft Visual Studio Solution File, Format Version 12.00
# Visual Studio Version 17
VisualStudioVersion = 17.4.33213.308
MinimumVisualStudioVersion = 10.0.40219.1
Project("{FAE04EC0-301F-11D3-BF4B-00C04F79EFBC}") = "List Manipulation Basics", "List Manipulation Basics\List Manipulation Basics.csproj", "{C0203028-C889-44C0-9984-EEFB4BBC472E}"
EndProject
Global
	GlobalSection(SolutionConfigurationPlatforms) = preSolution
		Debug|Any CPU = Debug|Any CPU
		Release|Any CPU = Release|Any CPU
	EndGlobalSection
	GlobalSection(ProjectConfigurationPlatforms) = postSolution
		{C0203028-C889-44C0-9984-EEFB4BBC472E}.Debug|Any CPU.ActiveCfg = Debug|Any CPU
		{C0203028-C889-44C0-9984-EEFB4BBC472E}.Debug|Any CPU.Build.0 = Debug|Any CPU
		{C0203028-C889-44C0-9984-EEFB4BBC472E}.Release|Any CPU.ActiveCfg = Release|Any CPU
		{C0203028-C889-44C0-9984-EEFB4BBC472E}.Release|Any CPU.Build.0 = Release|Any CPU
	EndGlobalSection
	GlobalSection(SolutionProperties) = preSolution
		HideSolutionNode = FALSE
	EndGlobalSection
	GlobalSection(ExtensibilityGlobals) = postSolution
		SolutionGuid = {871CEF3E-2A0E-4489-9178-2F31CB6E4D19}
	EndGlobalSection
EndGlobal
