
Microsoft Visual Studio Solution File, Format Version 12.00
# Visual Studio Version 17
VisualStudioVersion = 17.4.33213.308
MinimumVisualStudioVersion = 10.0.40219.1
Project("{FAE04EC0-301F-11D3-BF4B-00C04F79EFBC}") = "Maximal Sum 3X3", "Maximal Sum 3X3\Maximal Sum 3X3.csproj", "{0D89EDBF-07E5-4016-94F1-D3C3F2D58DBA}"
EndProject
Global
	GlobalSection(SolutionConfigurationPlatforms) = preSolution
		Debug|Any CPU = Debug|Any CPU
		Release|Any CPU = Release|Any CPU
	EndGlobalSection
	GlobalSection(ProjectConfigurationPlatforms) = postSolution
		{0D89EDBF-07E5-4016-94F1-D3C3F2D58DBA}.Debug|Any CPU.ActiveCfg = Debug|Any CPU
		{0D89EDBF-07E5-4016-94F1-D3C3F2D58DBA}.Debug|Any CPU.Build.0 = Debug|Any CPU
		{0D89EDBF-07E5-4016-94F1-D3C3F2D58DBA}.Release|Any CPU.ActiveCfg = Release|Any CPU
		{0D89EDBF-07E5-4016-94F1-D3C3F2D58DBA}.Release|Any CPU.Build.0 = Release|Any CPU
	EndGlobalSection
	GlobalSection(SolutionProperties) = preSolution
		HideSolutionNode = FALSE
	EndGlobalSection
	GlobalSection(ExtensibilityGlobals) = postSolution
		SolutionGuid = {2FF80C43-7EBE-43AC-B77C-7263B42EBB7F}
	EndGlobalSection
EndGlobal
