
Microsoft Visual Studio Solution File, Format Version 12.00
# Visual Studio Version 17
VisualStudioVersion = 17.4.33213.308
MinimumVisualStudioVersion = 10.0.40219.1
Project("{FAE04EC0-301F-11D3-BF4B-00C04F79EFBC}") = "list of products", "list of products\list of products.csproj", "{0E0C4B5D-6A7D-4DC5-90F6-F4D20B8836BB}"
EndProject
Global
	GlobalSection(SolutionConfigurationPlatforms) = preSolution
		Debug|Any CPU = Debug|Any CPU
		Release|Any CPU = Release|Any CPU
	EndGlobalSection
	GlobalSection(ProjectConfigurationPlatforms) = postSolution
		{0E0C4B5D-6A7D-4DC5-90F6-F4D20B8836BB}.Debug|Any CPU.ActiveCfg = Debug|Any CPU
		{0E0C4B5D-6A7D-4DC5-90F6-F4D20B8836BB}.Debug|Any CPU.Build.0 = Debug|Any CPU
		{0E0C4B5D-6A7D-4DC5-90F6-F4D20B8836BB}.Release|Any CPU.ActiveCfg = Release|Any CPU
		{0E0C4B5D-6A7D-4DC5-90F6-F4D20B8836BB}.Release|Any CPU.Build.0 = Release|Any CPU
	EndGlobalSection
	GlobalSection(SolutionProperties) = preSolution
		HideSolutionNode = FALSE
	EndGlobalSection
	GlobalSection(ExtensibilityGlobals) = postSolution
		SolutionGuid = {37FBBE16-3433-4685-9AA1-DDF1112757AA}
	EndGlobalSection
EndGlobal
