
Microsoft Visual Studio Solution File, Format Version 12.00
# Visual Studio Version 17
VisualStudioVersion = 17.4.33213.308
MinimumVisualStudioVersion = 10.0.40219.1
Project("{FAE04EC0-301F-11D3-BF4B-00C04F79EFBC}") = "songs queue", "songs queue\songs queue.csproj", "{35B4F289-BBBE-465E-B235-F9A549281693}"
EndProject
Global
	GlobalSection(SolutionConfigurationPlatforms) = preSolution
		Debug|Any CPU = Debug|Any CPU
		Release|Any CPU = Release|Any CPU
	EndGlobalSection
	GlobalSection(ProjectConfigurationPlatforms) = postSolution
		{35B4F289-BBBE-465E-B235-F9A549281693}.Debug|Any CPU.ActiveCfg = Debug|Any CPU
		{35B4F289-BBBE-465E-B235-F9A549281693}.Debug|Any CPU.Build.0 = Debug|Any CPU
		{35B4F289-BBBE-465E-B235-F9A549281693}.Release|Any CPU.ActiveCfg = Release|Any CPU
		{35B4F289-BBBE-465E-B235-F9A549281693}.Release|Any CPU.Build.0 = Release|Any CPU
	EndGlobalSection
	GlobalSection(SolutionProperties) = preSolution
		HideSolutionNode = FALSE
	EndGlobalSection
	GlobalSection(ExtensibilityGlobals) = postSolution
		SolutionGuid = {7783A740-B42B-41F3-9A86-10190EF6C65C}
	EndGlobalSection
EndGlobal
