
Microsoft Visual Studio Solution File, Format Version 12.00
# Visual Studio Version 17
VisualStudioVersion = 17.4.33213.308
MinimumVisualStudioVersion = 10.0.40219.1
Project("{FAE04EC0-301F-11D3-BF4B-00C04F79EFBC}") = "take or skip rope", "take or skip rope\take or skip rope.csproj", "{3EB9572E-47EC-4220-AA3F-21A46C319458}"
EndProject
Global
	GlobalSection(SolutionConfigurationPlatforms) = preSolution
		Debug|Any CPU = Debug|Any CPU
		Release|Any CPU = Release|Any CPU
	EndGlobalSection
	GlobalSection(ProjectConfigurationPlatforms) = postSolution
		{3EB9572E-47EC-4220-AA3F-21A46C319458}.Debug|Any CPU.ActiveCfg = Debug|Any CPU
		{3EB9572E-47EC-4220-AA3F-21A46C319458}.Debug|Any CPU.Build.0 = Debug|Any CPU
		{3EB9572E-47EC-4220-AA3F-21A46C319458}.Release|Any CPU.ActiveCfg = Release|Any CPU
		{3EB9572E-47EC-4220-AA3F-21A46C319458}.Release|Any CPU.Build.0 = Release|Any CPU
	EndGlobalSection
	GlobalSection(SolutionProperties) = preSolution
		HideSolutionNode = FALSE
	EndGlobalSection
	GlobalSection(ExtensibilityGlobals) = postSolution
		SolutionGuid = {17B7EACD-D07D-49D5-B20F-123E914CF500}
	EndGlobalSection
EndGlobal
