
Microsoft Visual Studio Solution File, Format Version 12.00
# Visual Studio Version 17
VisualStudioVersion = 17.4.33213.308
MinimumVisualStudioVersion = 10.0.40219.1
Project("{FAE04EC0-301F-11D3-BF4B-00C04F79EFBC}") = "supermarket", "supermarket\supermarket.csproj", "{59A9711B-78B5-4A4B-A450-DEB151189D59}"
EndProject
Global
	GlobalSection(SolutionConfigurationPlatforms) = preSolution
		Debug|Any CPU = Debug|Any CPU
		Release|Any CPU = Release|Any CPU
	EndGlobalSection
	GlobalSection(ProjectConfigurationPlatforms) = postSolution
		{59A9711B-78B5-4A4B-A450-DEB151189D59}.Debug|Any CPU.ActiveCfg = Debug|Any CPU
		{59A9711B-78B5-4A4B-A450-DEB151189D59}.Debug|Any CPU.Build.0 = Debug|Any CPU
		{59A9711B-78B5-4A4B-A450-DEB151189D59}.Release|Any CPU.ActiveCfg = Release|Any CPU
		{59A9711B-78B5-4A4B-A450-DEB151189D59}.Release|Any CPU.Build.0 = Release|Any CPU
	EndGlobalSection
	GlobalSection(SolutionProperties) = preSolution
		HideSolutionNode = FALSE
	EndGlobalSection
	GlobalSection(ExtensibilityGlobals) = postSolution
		SolutionGuid = {0228F8F7-7A0A-4B74-9926-AAC9AF2445BB}
	EndGlobalSection
EndGlobal
