
Microsoft Visual Studio Solution File, Format Version 12.00
# Visual Studio Version 17
VisualStudioVersion = 17.4.33213.308
MinimumVisualStudioVersion = 10.0.40219.1
Project("{FAE04EC0-301F-11D3-BF4B-00C04F79EFBC}") = "ttt", "ttt\ttt.csproj", "{0926110E-706B-43FF-8B4E-245D4AE2EEB8}"
EndProject
Global
	GlobalSection(SolutionConfigurationPlatforms) = preSolution
		Debug|Any CPU = Debug|Any CPU
		Release|Any CPU = Release|Any CPU
	EndGlobalSection
	GlobalSection(ProjectConfigurationPlatforms) = postSolution
		{0926110E-706B-43FF-8B4E-245D4AE2EEB8}.Debug|Any CPU.ActiveCfg = Debug|Any CPU
		{0926110E-706B-43FF-8B4E-245D4AE2EEB8}.Debug|Any CPU.Build.0 = Debug|Any CPU
		{0926110E-706B-43FF-8B4E-245D4AE2EEB8}.Release|Any CPU.ActiveCfg = Release|Any CPU
		{0926110E-706B-43FF-8B4E-245D4AE2EEB8}.Release|Any CPU.Build.0 = Release|Any CPU
	EndGlobalSection
	GlobalSection(SolutionProperties) = preSolution
		HideSolutionNode = FALSE
	EndGlobalSection
	GlobalSection(ExtensibilityGlobals) = postSolution
		SolutionGuid = {80C3A4E0-46FF-4888-AAFE-8FE70D1CC47E}
	EndGlobalSection
EndGlobal
