
Microsoft Visual Studio Solution File, Format Version 12.00
# Visual Studio Version 17
VisualStudioVersion = 17.4.33213.308
MinimumVisualStudioVersion = 10.0.40219.1
Project("{FAE04EC0-301F-11D3-BF4B-00C04F79EFBC}") = "game of war", "game of war\game of war.csproj", "{CF711459-9264-4454-BB2B-36436EA4CFB9}"
EndProject
Global
	GlobalSection(SolutionConfigurationPlatforms) = preSolution
		Debug|Any CPU = Debug|Any CPU
		Release|Any CPU = Release|Any CPU
	EndGlobalSection
	GlobalSection(ProjectConfigurationPlatforms) = postSolution
		{CF711459-9264-4454-BB2B-36436EA4CFB9}.Debug|Any CPU.ActiveCfg = Debug|Any CPU
		{CF711459-9264-4454-BB2B-36436EA4CFB9}.Debug|Any CPU.Build.0 = Debug|Any CPU
		{CF711459-9264-4454-BB2B-36436EA4CFB9}.Release|Any CPU.ActiveCfg = Release|Any CPU
		{CF711459-9264-4454-BB2B-36436EA4CFB9}.Release|Any CPU.Build.0 = Release|Any CPU
	EndGlobalSection
	GlobalSection(SolutionProperties) = preSolution
		HideSolutionNode = FALSE
	EndGlobalSection
	GlobalSection(ExtensibilityGlobals) = postSolution
		SolutionGuid = {3281A039-EEFC-43CE-8E1F-0F03B383A8C8}
	EndGlobalSection
EndGlobal
