
Microsoft Visual Studio Solution File, Format Version 12.00
# Visual Studio Version 17
VisualStudioVersion = 17.4.33213.308
MinimumVisualStudioVersion = 10.0.40219.1
Project("{FAE04EC0-301F-11D3-BF4B-00C04F79EFBC}") = "name", "name\name.csproj", "{B68ED243-4C58-4BF6-8F14-91568CF72C20}"
EndProject
Global
	GlobalSection(SolutionConfigurationPlatforms) = preSolution
		Debug|Any CPU = Debug|Any CPU
		Release|Any CPU = Release|Any CPU
	EndGlobalSection
	GlobalSection(ProjectConfigurationPlatforms) = postSolution
		{B68ED243-4C58-4BF6-8F14-91568CF72C20}.Debug|Any CPU.ActiveCfg = Debug|Any CPU
		{B68ED243-4C58-4BF6-8F14-91568CF72C20}.Debug|Any CPU.Build.0 = Debug|Any CPU
		{B68ED243-4C58-4BF6-8F14-91568CF72C20}.Release|Any CPU.ActiveCfg = Release|Any CPU
		{B68ED243-4C58-4BF6-8F14-91568CF72C20}.Release|Any CPU.Build.0 = Release|Any CPU
	EndGlobalSection
	GlobalSection(SolutionProperties) = preSolution
		HideSolutionNode = FALSE
	EndGlobalSection
	GlobalSection(ExtensibilityGlobals) = postSolution
		SolutionGuid = {18CE2ACB-C1BB-4542-995B-EABBB6D63D3F}
	EndGlobalSection
EndGlobal
