
Microsoft Visual Studio Solution File, Format Version 12.00
# Visual Studio Version 17
VisualStudioVersion = 17.4.33213.308
MinimumVisualStudioVersion = 10.0.40219.1
Project("{FAE04EC0-301F-11D3-BF4B-00C04F79EFBC}") = "Odd Numbers", "Odd Numbers\Odd Numbers.csproj", "{F144A0AA-8950-40CC-8C51-40543DD8CB22}"
EndProject
Global
	GlobalSection(SolutionConfigurationPlatforms) = preSolution
		Debug|Any CPU = Debug|Any CPU
		Release|Any CPU = Release|Any CPU
	EndGlobalSection
	GlobalSection(ProjectConfigurationPlatforms) = postSolution
		{F144A0AA-8950-40CC-8C51-40543DD8CB22}.Debug|Any CPU.ActiveCfg = Debug|Any CPU
		{F144A0AA-8950-40CC-8C51-40543DD8CB22}.Debug|Any CPU.Build.0 = Debug|Any CPU
		{F144A0AA-8950-40CC-8C51-40543DD8CB22}.Release|Any CPU.ActiveCfg = Release|Any CPU
		{F144A0AA-8950-40CC-8C51-40543DD8CB22}.Release|Any CPU.Build.0 = Release|Any CPU
	EndGlobalSection
	GlobalSection(SolutionProperties) = preSolution
		HideSolutionNode = FALSE
	EndGlobalSection
	GlobalSection(ExtensibilityGlobals) = postSolution
		SolutionGuid = {E1434B38-B155-4B68-A701-3DADF4FB359C}
	EndGlobalSection
EndGlobal
