
Microsoft Visual Studio Solution File, Format Version 12.00
# Visual Studio Version 17
VisualStudioVersion = 17.4.33213.308
MinimumVisualStudioVersion = 10.0.40219.1
Project("{FAE04EC0-301F-11D3-BF4B-00C04F79EFBC}") = "top number", "top number\top number.csproj", "{A849F093-4B90-47E6-8FC6-D569FF6ED8DD}"
EndProject
Global
	GlobalSection(SolutionConfigurationPlatforms) = preSolution
		Debug|Any CPU = Debug|Any CPU
		Release|Any CPU = Release|Any CPU
	EndGlobalSection
	GlobalSection(ProjectConfigurationPlatforms) = postSolution
		{A849F093-4B90-47E6-8FC6-D569FF6ED8DD}.Debug|Any CPU.ActiveCfg = Debug|Any CPU
		{A849F093-4B90-47E6-8FC6-D569FF6ED8DD}.Debug|Any CPU.Build.0 = Debug|Any CPU
		{A849F093-4B90-47E6-8FC6-D569FF6ED8DD}.Release|Any CPU.ActiveCfg = Release|Any CPU
		{A849F093-4B90-47E6-8FC6-D569FF6ED8DD}.Release|Any CPU.Build.0 = Release|Any CPU
	EndGlobalSection
	GlobalSection(SolutionProperties) = preSolution
		HideSolutionNode = FALSE
	EndGlobalSection
	GlobalSection(ExtensibilityGlobals) = postSolution
		SolutionGuid = {7319487F-703B-4606-959D-C74A18FB956D}
	EndGlobalSection
EndGlobal
