
Microsoft Visual Studio Solution File, Format Version 12.00
# Visual Studio Version 17
VisualStudioVersion = 17.4.33213.308
MinimumVisualStudioVersion = 10.0.40219.1
Project("{FAE04EC0-301F-11D3-BF4B-00C04F79EFBC}") = "Gauss'Trick", "Gauss'Trick\Gauss'Trick.csproj", "{FEAA476C-2C55-4E23-AC1E-067FA18E5A46}"
EndProject
Global
	GlobalSection(SolutionConfigurationPlatforms) = preSolution
		Debug|Any CPU = Debug|Any CPU
		Release|Any CPU = Release|Any CPU
	EndGlobalSection
	GlobalSection(ProjectConfigurationPlatforms) = postSolution
		{FEAA476C-2C55-4E23-AC1E-067FA18E5A46}.Debug|Any CPU.ActiveCfg = Debug|Any CPU
		{FEAA476C-2C55-4E23-AC1E-067FA18E5A46}.Debug|Any CPU.Build.0 = Debug|Any CPU
		{FEAA476C-2C55-4E23-AC1E-067FA18E5A46}.Release|Any CPU.ActiveCfg = Release|Any CPU
		{FEAA476C-2C55-4E23-AC1E-067FA18E5A46}.Release|Any CPU.Build.0 = Release|Any CPU
	EndGlobalSection
	GlobalSection(SolutionProperties) = preSolution
		HideSolutionNode = FALSE
	EndGlobalSection
	GlobalSection(ExtensibilityGlobals) = postSolution
		SolutionGuid = {C1387C38-4F04-43ED-929C-4A6B33229695}
	EndGlobalSection
EndGlobal
